<?xml version="1.0" encoding="utf-8"?>
<Project ToolsVersion="4.0" xmlns="http://schemas.microsoft.com/developer/msbuild/2003">
  <ItemGroup>
    <Filter Include="Source Files">
      <UniqueIdentifier>{4FC737F1-C7A5-4376-A066-2A32D752A2FF}</UniqueIdentifier>
      <Extensions>cpp;c;cc;cxx;c++;cppm;ixx;def;odl;idl;hpj;bat;asm;asmx</Extensions>
    </Filter>
    <Filter Include="Source Files\Problems">
      <UniqueIdentifier>{3908a712-11f6-4be5-9adb-fbc213d8a8db}</UniqueIdentifier>
    </Filter>
  </ItemGroup>
  <ItemGroup>
    <ClCompile Include="cpp-99-problems.cpp">
      <Filter>Source Files</Filter>
    </ClCompile>
    <ClCompile Include="P01.cpp">
      <Filter>Source Files\Problems</Filter>
    </ClCompile>
    <ClCompile Include="Helper.cpp">
      <Filter>Source Files</Filter>
    </ClCompile>
    <ClCompile Include="P02.cpp">
      <Filter>Source Files\Problems</Filter>
    </ClCompile>
    <ClCompile Include="P03.cpp">
      <Filter>Source Files\Problems</Filter>
    </ClCompile>
  </ItemGroup>
  <ItemGroup>
    <None Include="packages.config" />
  </ItemGroup>
  <ItemGroup>
    <ClInclude Include="P03.h">
      <Filter>Source Files\Problems</Filter>
    </ClInclude>
    <ClInclude Include="P01.h">
      <Filter>Source Files\Problems</Filter>
    </ClInclude>
    <ClInclude Include="P02.h">
      <Filter>Source Files\Problems</Filter>
    </ClInclude>
    <ClInclude Include="Helper.h">
      <Filter>Source Files</Filter>
    </ClInclude>
  </ItemGroup>
</Project>